// !$*UTF8*$!
{
	archiveVersion = 1;
	classes = {
	};
	objectVersion = 50;
	objects = {

/* Begin PBXBuildFile section */
		604F8F0721273C3B00B38968 /* UIView+JWAdditions.m in Sources */ = {isa = PBXBuildFile; fileRef = 604F8F0621273C3B00B38968 /* UIView+JWAdditions.m */; };
		60A4835821272F94006236F7 /* PointReminderView.m in Sources */ = {isa = PBXBuildFile; fileRef = 60A4835721272F94006236F7 /* PointReminderView.m */; };
		60A4835A21273074006236F7 /* Assets.xcassets in Resources */ = {isa = PBXBuildFile; fileRef = 60A4835921273073006236F7 /* Assets.xcassets */; };
		60D7AA71212C5BD400ABDF55 /* PointRemindManager.m in Sources */ = {isa = PBXBuildFile; fileRef = 60D7AA70212C5BD400ABDF55 /* PointRemindManager.m */; };
		60DC9095209AA1D800ACCCB9 /* AppDelegate.m in Sources */ = {isa = PBXBuildFile; fileRef = 60DC9094209AA1D800ACCCB9 /* AppDelegate.m */; };
		60DC9098209AA1D800ACCCB9 /* ViewController.mm in Sources */ = {isa = PBXBuildFile; fileRef = 60DC9097209AA1D800ACCCB9 /* ViewController.mm */; };
		60DC909B209AA1D800ACCCB9 /* Main.storyboard in Resources */ = {isa = PBXBuildFile; fileRef = 60DC9099209AA1D800ACCCB9 /* Main.storyboard */; };
		60DC90A0209AA1DA00ACCCB9 /* LaunchScreen.storyboard in Resources */ = {isa = PBXBuildFile; fileRef = 60DC909E209AA1DA00ACCCB9 /* LaunchScreen.storyboard */; };
		60DC90A3209AA1DA00ACCCB9 /* main.m in Sources */ = {isa = PBXBuildFile; fileRef = 60DC90A2209AA1DA00ACCCB9 /* main.m */; };
		60F22E60212B0E9000726FC9 /* StoreKit.framework in Frameworks */ = {isa = PBXBuildFile; fileRef = 60F22E5F212B0E9000726FC9 /* StoreKit.framework */; };
		60F22E63212B0EBB00726FC9 /* AppPayManager.m in Sources */ = {isa = PBXBuildFile; fileRef = 60F22E62212B0EBB00726FC9 /* AppPayManager.m */; };
		60F22E66212B1B8500726FC9 /* UserNotifications.framework in Frameworks */ = {isa = PBXBuildFile; fileRef = 60F22E65212B1B8500726FC9 /* UserNotifications.framework */; };
		60F22E68212B1B8D00726FC9 /* UserNotificationsUI.framework in Frameworks */ = {isa = PBXBuildFile; fileRef = 60F22E67212B1B8D00726FC9 /* UserNotificationsUI.framework */; };
		89D63843D68B7AE04635F10D /* libPods-TTTTttttt.a in Frameworks */ = {isa = PBXBuildFile; fileRef = 5B99EF802A40486F59170B3C /* libPods-TTTTttttt.a */; };
/* End PBXBuildFile section */

/* Begin PBXFileReference section */
		5B99EF802A40486F59170B3C /* libPods-TTTTttttt.a */ = {isa = PBXFileReference; explicitFileType = archive.ar; includeInIndex = 0; path = "libPods-TTTTttttt.a"; sourceTree = BUILT_PRODUCTS_DIR; };
		604F8F0521273C3B00B38968 /* UIView+JWAdditions.h */ = {isa = PBXFileReference; fileEncoding = 4; lastKnownFileType = sourcecode.c.h; path = "UIView+JWAdditions.h"; sourceTree = "<group>"; };
		604F8F0621273C3B00B38968 /* UIView+JWAdditions.m */ = {isa = PBXFileReference; fileEncoding = 4; lastKnownFileType = sourcecode.c.objc; path = "UIView+JWAdditions.m"; sourceTree = "<group>"; };
		60A4835621272F94006236F7 /* PointReminderView.h */ = {isa = PBXFileReference; lastKnownFileType = sourcecode.c.h; path = PointReminderView.h; sourceTree = "<group>"; };
		60A4835721272F94006236F7 /* PointReminderView.m */ = {isa = PBXFileReference; lastKnownFileType = sourcecode.c.objc; path = PointReminderView.m; sourceTree = "<group>"; };
		60A4835921273073006236F7 /* Assets.xcassets */ = {isa = PBXFileReference; lastKnownFileType = folder.assetcatalog; path = Assets.xcassets; sourceTree = "<group>"; };
		60D7AA6F212C5BD400ABDF55 /* PointRemindManager.h */ = {isa = PBXFileReference; lastKnownFileType = sourcecode.c.h; path = PointRemindManager.h; sourceTree = "<group>"; };
		60D7AA70212C5BD400ABDF55 /* PointRemindManager.m */ = {isa = PBXFileReference; lastKnownFileType = sourcecode.c.objc; path = PointRemindManager.m; sourceTree = "<group>"; };
		60DC9090209AA1D800ACCCB9 /* TTTTttttt.app */ = {isa = PBXFileReference; explicitFileType = wrapper.application; includeInIndex = 0; path = TTTTttttt.app; sourceTree = BUILT_PRODUCTS_DIR; };
		60DC9093209AA1D800ACCCB9 /* AppDelegate.h */ = {isa = PBXFileReference; lastKnownFileType = sourcecode.c.h; path = AppDelegate.h; sourceTree = "<group>"; };
		60DC9094209AA1D800ACCCB9 /* AppDelegate.m */ = {isa = PBXFileReference; lastKnownFileType = sourcecode.c.objc; path = AppDelegate.m; sourceTree = "<group>"; };
		60DC9096209AA1D800ACCCB9 /* ViewController.h */ = {isa = PBXFileReference; lastKnownFileType = sourcecode.c.h; path = ViewController.h; sourceTree = "<group>"; };
		60DC9097209AA1D800ACCCB9 /* ViewController.mm */ = {isa = PBXFileReference; lastKnownFileType = sourcecode.cpp.objcpp; path = ViewController.mm; sourceTree = "<group>"; };
		60DC909A209AA1D800ACCCB9 /* Base */ = {isa = PBXFileReference; lastKnownFileType = file.storyboard; name = Base; path = Base.lproj/Main.storyboard; sourceTree = "<group>"; };
		60DC909F209AA1DA00ACCCB9 /* Base */ = {isa = PBXFileReference; lastKnownFileType = file.storyboard; name = Base; path = Base.lproj/LaunchScreen.storyboard; sourceTree = "<group>"; };
		60DC90A1209AA1DA00ACCCB9 /* Info.plist */ = {isa = PBXFileReference; lastKnownFileType = text.plist.xml; path = Info.plist; sourceTree = "<group>"; };
		60DC90A2209AA1DA00ACCCB9 /* main.m */ = {isa = PBXFileReference; lastKnownFileType = sourcecode.c.objc; path = main.m; sourceTree = "<group>"; };
		60F22E5F212B0E9000726FC9 /* StoreKit.framework */ = {isa = PBXFileReference; lastKnownFileType = wrapper.framework; name = StoreKit.framework; path = System/Library/Frameworks/StoreKit.framework; sourceTree = SDKROOT; };
		60F22E61212B0EBB00726FC9 /* AppPayManager.h */ = {isa = PBXFileReference; lastKnownFileType = sourcecode.c.h; path = AppPayManager.h; sourceTree = "<group>"; };
		60F22E62212B0EBB00726FC9 /* AppPayManager.m */ = {isa = PBXFileReference; lastKnownFileType = sourcecode.c.objc; path = AppPayManager.m; sourceTree = "<group>"; };
		60F22E64212B147A00726FC9 /* TTTTttttt.entitlements */ = {isa = PBXFileReference; lastKnownFileType = text.plist.entitlements; path = TTTTttttt.entitlements; sourceTree = "<group>"; };
		60F22E65212B1B8500726FC9 /* UserNotifications.framework */ = {isa = PBXFileReference; lastKnownFileType = wrapper.framework; name = UserNotifications.framework; path = System/Library/Frameworks/UserNotifications.framework; sourceTree = SDKROOT; };
		60F22E67212B1B8D00726FC9 /* UserNotificationsUI.framework */ = {isa = PBXFileReference; lastKnownFileType = wrapper.framework; name = UserNotificationsUI.framework; path = System/Library/Frameworks/UserNotificationsUI.framework; sourceTree = SDKROOT; };
		724312EB3F8D83993D057D61 /* Pods-TTTTttttt.release.xcconfig */ = {isa = PBXFileReference; includeInIndex = 1; lastKnownFileType = text.xcconfig; name = "Pods-TTTTttttt.release.xcconfig"; path = "Pods/Target Support Files/Pods-TTTTttttt/Pods-TTTTttttt.release.xcconfig"; sourceTree = "<group>"; };
		CB820BCA8347FD8A5966C54C /* Pods-TTTTttttt.debug.xcconfig */ = {isa = PBXFileReference; includeInIndex = 1; lastKnownFileType = text.xcconfig; name = "Pods-TTTTttttt.debug.xcconfig"; path = "Pods/Target Support Files/Pods-TTTTttttt/Pods-TTTTttttt.debug.xcconfig"; sourceTree = "<group>"; };
/* End PBXFileReference section */

/* Begin PBXFrameworksBuildPhase section */
		60DC908D209AA1D800ACCCB9 /* Frameworks */ = {
			isa = PBXFrameworksBuildPhase;
			buildActionMask = 2147483647;
			files = (
				60F22E68212B1B8D00726FC9 /* UserNotificationsUI.framework in Frameworks */,
				60F22E66212B1B8500726FC9 /* UserNotifications.framework in Frameworks */,
				60F22E60212B0E9000726FC9 /* StoreKit.framework in Frameworks */,
				89D63843D68B7AE04635F10D /* libPods-TTTTttttt.a in Frameworks */,
			);
			runOnlyForDeploymentPostprocessing = 0;
		};
/* End PBXFrameworksBuildPhase section */

/* Begin PBXGroup section */
		5ED1D4D89938669BE4B9E4AC /* Pods */ = {
			isa = PBXGroup;
			children = (
				CB820BCA8347FD8A5966C54C /* Pods-TTTTttttt.debug.xcconfig */,
				724312EB3F8D83993D057D61 /* Pods-TTTTttttt.release.xcconfig */,
			);
			name = Pods;
			sourceTree = "<group>";
		};
		60DC9087209AA1D800ACCCB9 = {
			isa = PBXGroup;
			children = (
				60DC9092209AA1D800ACCCB9 /* TTTTttttt */,
				60DC9091209AA1D800ACCCB9 /* Products */,
				5ED1D4D89938669BE4B9E4AC /* Pods */,
				8EAFB2F640B6295A2DE9FB03 /* Frameworks */,
			);
			sourceTree = "<group>";
		};
		60DC9091209AA1D800ACCCB9 /* Products */ = {
			isa = PBXGroup;
			children = (
				60DC9090209AA1D800ACCCB9 /* TTTTttttt.app */,
			);
			name = Products;
			sourceTree = "<group>";
		};
		60DC9092209AA1D800ACCCB9 /* TTTTttttt */ = {
			isa = PBXGroup;
			children = (
				60F22E64212B147A00726FC9 /* TTTTttttt.entitlements */,
				60DC9093209AA1D800ACCCB9 /* AppDelegate.h */,
				60DC9094209AA1D800ACCCB9 /* AppDelegate.m */,
				60DC9096209AA1D800ACCCB9 /* ViewController.h */,
				60DC9097209AA1D800ACCCB9 /* ViewController.mm */,
				60D7AA6F212C5BD400ABDF55 /* PointRemindManager.h */,
				60D7AA70212C5BD400ABDF55 /* PointRemindManager.m */,
				60F22E61212B0EBB00726FC9 /* AppPayManager.h */,
				60F22E62212B0EBB00726FC9 /* AppPayManager.m */,
				604F8F0521273C3B00B38968 /* UIView+JWAdditions.h */,
				604F8F0621273C3B00B38968 /* UIView+JWAdditions.m */,
				60A4835621272F94006236F7 /* PointReminderView.h */,
				60A4835721272F94006236F7 /* PointReminderView.m */,
				60A4835921273073006236F7 /* Assets.xcassets */,
				60DC9099209AA1D800ACCCB9 /* Main.storyboard */,
				60DC909E209AA1DA00ACCCB9 /* LaunchScreen.storyboard */,
				60DC90A1209AA1DA00ACCCB9 /* Info.plist */,
				60DC90A2209AA1DA00ACCCB9 /* main.m */,
			);
			path = TTTTttttt;
			sourceTree = "<group>";
		};
		8EAFB2F640B6295A2DE9FB03 /* Frameworks */ = {
			isa = PBXGroup;
			children = (
				60F22E67212B1B8D00726FC9 /* UserNotificationsUI.framework */,
				60F22E65212B1B8500726FC9 /* UserNotifications.framework */,
				60F22E5F212B0E9000726FC9 /* StoreKit.framework */,
				5B99EF802A40486F59170B3C /* libPods-TTTTttttt.a */,
			);
			name = Frameworks;
			sourceTree = "<group>";
		};
/* End PBXGroup section */

/* Begin PBXNativeTarget section */
		60DC908F209AA1D800ACCCB9 /* TTTTttttt */ = {
			isa = PBXNativeTarget;
			buildConfigurationList = 60DC90A6209AA1DA00ACCCB9 /* Build configuration list for PBXNativeTarget "TTTTttttt" */;
			buildPhases = (
				8593EC0B732B954AEBCA59E3 /* [CP] Check Pods Manifest.lock */,
				60DC908C209AA1D800ACCCB9 /* Sources */,
				60DC908D209AA1D800ACCCB9 /* Frameworks */,
				60DC908E209AA1D800ACCCB9 /* Resources */,
			);
			buildRules = (
			);
			dependencies = (
			);
			name = TTTTttttt;
			productName = TTTTttttt;
			productReference = 60DC9090209AA1D800ACCCB9 /* TTTTttttt.app */;
			productType = "com.apple.product-type.application";
		};
/* End PBXNativeTarget section */

/* Begin PBXProject section */
		60DC9088209AA1D800ACCCB9 /* Project object */ = {
			isa = PBXProject;
			attributes = {
				LastUpgradeCheck = 0930;
				ORGANIZATIONNAME = oahgnehzoul;
				TargetAttributes = {
					60DC908F209AA1D800ACCCB9 = {
						CreatedOnToolsVersion = 9.3;
						SystemCapabilities = {
							com.apple.BackgroundModes = {
								enabled = 1;
							};
							com.apple.InAppPurchase = {
								enabled = 1;
							};
							com.apple.Push = {
								enabled = 1;
							};
						};
					};
				};
			};
			buildConfigurationList = 60DC908B209AA1D800ACCCB9 /* Build configuration list for PBXProject "TTTTttttt" */;
			compatibilityVersion = "Xcode 9.3";
			developmentRegion = en;
			hasScannedForEncodings = 0;
			knownRegions = (
				en,
				Base,
			);
			mainGroup = 60DC9087209AA1D800ACCCB9;
			productRefGroup = 60DC9091209AA1D800ACCCB9 /* Products */;
			projectDirPath = "";
			projectRoot = "";
			targets = (
				60DC908F209AA1D800ACCCB9 /* TTTTttttt */,
			);
		};
/* End PBXProject section */

/* Begin PBXResourcesBuildPhase section */
		60DC908E209AA1D800ACCCB9 /* Resources */ = {
			isa = PBXResourcesBuildPhase;
			buildActionMask = 2147483647;
			files = (
				60DC90A0209AA1DA00ACCCB9 /* LaunchScreen.storyboard in Resources */,
				60A4835A21273074006236F7 /* Assets.xcassets in Resources */,
				60DC909B209AA1D800ACCCB9 /* Main.storyboard in Resources */,
			);
			runOnlyForDeploymentPostprocessing = 0;
		};
/* End PBXResourcesBuildPhase section */

/* Begin PBXShellScriptBuildPhase section */
		8593EC0B732B954AEBCA59E3 /* [CP] Check Pods Manifest.lock */ = {
			isa = PBXShellScriptBuildPhase;
			buildActionMask = 2147483647;
			files = (
			);
			inputPaths = (
				"${PODS_PODFILE_DIR_PATH}/Podfile.lock",
				"${PODS_ROOT}/Manifest.lock",
			);
			name = "[CP] Check Pods Manifest.lock";
			outputPaths = (
				"$(DERIVED_FILE_DIR)/Pods-TTTTttttt-checkManifestLockResult.txt",
			);
			runOnlyForDeploymentPostprocessing = 0;
			shellPath = /bin/sh;
			shellScript = "diff \"${PODS_PODFILE_DIR_PATH}/Podfile.lock\" \"${PODS_ROOT}/Manifest.lock\" > /dev/null\nif [ $? != 0 ] ; then\n    # print error to STDERR\n    echo \"error: The sandbox is not in sync with the Podfile.lock. Run 'pod install' or update your CocoaPods installation.\" >&2\n    exit 1\nfi\n# This output is used by Xcode 'outputs' to avoid re-running this script phase.\necho \"SUCCESS\" > \"${SCRIPT_OUTPUT_FILE_0}\"\n";
			showEnvVarsInLog = 0;
		};
/* End PBXShellScriptBuildPhase section */

/* Begin PBXSourcesBuildPhase section */
		60DC908C209AA1D800ACCCB9 /* Sources */ = {
			isa = PBXSourcesBuildPhase;
			buildActionMask = 2147483647;
			files = (
				60DC9098209AA1D800ACCCB9 /* ViewController.mm in Sources */,
				60A4835821272F94006236F7 /* PointReminderView.m in Sources */,
				60F22E63212B0EBB00726FC9 /* AppPayManager.m in Sources */,
				60D7AA71212C5BD400ABDF55 /* PointRemindManager.m in Sources */,
				60DC90A3209AA1DA00ACCCB9 /* main.m in Sources */,
				60DC9095209AA1D800ACCCB9 /* AppDelegate.m in Sources */,
				604F8F0721273C3B00B38968 /* UIView+JWAdditions.m in Sources */,
			);
			runOnlyForDeploymentPostprocessing = 0;
		};
/* End PBXSourcesBuildPhase section */

/* Begin PBXVariantGroup section */
		60DC9099209AA1D800ACCCB9 /* Main.storyboard */ = {
			isa = PBXVariantGroup;
			children = (
				60DC909A209AA1D800ACCCB9 /* Base */,
			);
			name = Main.storyboard;
			sourceTree = "<group>";
		};
		60DC909E209AA1DA00ACCCB9 /* LaunchScreen.storyboard */ = {
			isa = PBXVariantGroup;
			children = (
				60DC909F209AA1DA00ACCCB9 /* Base */,
			);
			name = LaunchScreen.storyboard;
			sourceTree = "<group>";
		};
/* End PBXVariantGroup section */

/* Begin XCBuildConfiguration section */
		60DC90A4209AA1DA00ACCCB9 /* Debug */ = {
			isa = XCBuildConfiguration;
			buildSettings = {
				ALWAYS_SEARCH_USER_PATHS = NO;
				CLANG_ANALYZER_NONNULL = YES;
				CLANG_ANALYZER_NUMBER_OBJECT_CONVERSION = YES_AGGRESSIVE;
				CLANG_CXX_LANGUAGE_STANDARD = "gnu++14";
				CLANG_CXX_LIBRARY = "libc++";
				CLANG_ENABLE_MODULES = YES;
				CLANG_ENABLE_OBJC_ARC = YES;
				CLANG_ENABLE_OBJC_WEAK = YES;
				CLANG_WARN_BLOCK_CAPTURE_AUTORELEASING = YES;
				CLANG_WARN_BOOL_CONVERSION = YES;
				CLANG_WARN_COMMA = YES;
				CLANG_WARN_CONSTANT_CONVERSION = YES;
				CLANG_WARN_DEPRECATED_OBJC_IMPLEMENTATIONS = YES;
				CLANG_WARN_DIRECT_OBJC_ISA_USAGE = YES_ERROR;
				CLANG_WARN_DOCUMENTATION_COMMENTS = YES;
				CLANG_WARN_EMPTY_BODY = YES;
				CLANG_WARN_ENUM_CONVERSION = YES;
				CLANG_WARN_INFINITE_RECURSION = YES;
				CLANG_WARN_INT_CONVERSION = YES;
				CLANG_WARN_NON_LITERAL_NULL_CONVERSION = YES;
				CLANG_WARN_OBJC_IMPLICIT_RETAIN_SELF = YES;
				CLANG_WARN_OBJC_LITERAL_CONVERSION = YES;
				CLANG_WARN_OBJC_ROOT_CLASS = YES_ERROR;
				CLANG_WARN_RANGE_LOOP_ANALYSIS = YES;
				CLANG_WARN_STRICT_PROTOTYPES = YES;
				CLANG_WARN_SUSPICIOUS_MOVE = YES;
				CLANG_WARN_UNGUARDED_AVAILABILITY = YES_AGGRESSIVE;
				CLANG_WARN_UNREACHABLE_CODE = YES;
				CLANG_WARN__DUPLICATE_METHOD_MATCH = YES;
				CODE_SIGN_IDENTITY = "iPhone Developer";
				COPY_PHASE_STRIP = NO;
				DEBUG_INFORMATION_FORMAT = dwarf;
				ENABLE_STRICT_OBJC_MSGSEND = YES;
				ENABLE_TESTABILITY = YES;
				GCC_C_LANGUAGE_STANDARD = gnu11;
				GCC_DYNAMIC_NO_PIC = NO;
				GCC_NO_COMMON_BLOCKS = YES;
				GCC_OPTIMIZATION_LEVEL = 0;
				GCC_PREPROCESSOR_DEFINITIONS = (
					"DEBUG=1",
					"$(inherited)",
				);
				GCC_WARN_64_TO_32_BIT_CONVERSION = YES;
				GCC_WARN_ABOUT_RETURN_TYPE = YES_ERROR;
				GCC_WARN_UNDECLARED_SELECTOR = YES;
				GCC_WARN_UNINITIALIZED_AUTOS = YES_AGGRESSIVE;
				GCC_WARN_UNUSED_FUNCTION = YES;
				GCC_WARN_UNUSED_VARIABLE = YES;
				IPHONEOS_DEPLOYMENT_TARGET = 11.3;
				MTL_ENABLE_DEBUG_INFO = YES;
				ONLY_ACTIVE_ARCH = YES;
				SDKROOT = iphoneos;
			};
			name = Debug;
		};
		60DC90A5209AA1DA00ACCCB9 /* Release */ = {
			isa = XCBuildConfiguration;
			buildSettings = {
				ALWAYS_SEARCH_USER_PATHS = NO;
				CLANG_ANALYZER_NONNULL = YES;
				CLANG_ANALYZER_NUMBER_OBJECT_CONVERSION = YES_AGGRESSIVE;
				CLANG_CXX_LANGUAGE_STANDARD = "gnu++14";
				CLANG_CXX_LIBRARY = "libc++";
				CLANG_ENABLE_MODULES = YES;
				CLANG_ENABLE_OBJC_ARC = YES;
				CLANG_ENABLE_OBJC_WEAK = YES;
				CLANG_WARN_BLOCK_CAPTURE_AUTORELEASING = YES;
				CLANG_WARN_BOOL_CONVERSION = YES;
				CLANG_WARN_COMMA = YES;
				CLANG_WARN_CONSTANT_CONVERSION = YES;
				CLANG_WARN_DEPRECATED_OBJC_IMPLEMENTATIONS = YES;
				CLANG_WARN_DIRECT_OBJC_ISA_USAGE = YES_ERROR;
				CLANG_WARN_DOCUMENTATION_COMMENTS = YES;
				CLANG_WARN_EMPTY_BODY = YES;
				CLANG_WARN_ENUM_CONVERSION = YES;
				CLANG_WARN_INFINITE_RECURSION = YES;
				CLANG_WARN_INT_CONVERSION = YES;
				CLANG_WARN_NON_LITERAL_NULL_CONVERSION = YES;
				CLANG_WARN_OBJC_IMPLICIT_RETAIN_SELF = YES;
				CLANG_WARN_OBJC_LITERAL_CONVERSION = YES;
				CLANG_WARN_OBJC_ROOT_CLASS = YES_ERROR;
				CLANG_WARN_RANGE_LOOP_ANALYSIS = YES;
				CLANG_WARN_STRICT_PROTOTYPES = YES;
				CLANG_WARN_SUSPICIOUS_MOVE = YES;
				CLANG_WARN_UNGUARDED_AVAILABILITY = YES_AGGRESSIVE;
				CLANG_WARN_UNREACHABLE_CODE = YES;
				CLANG_WARN__DUPLICATE_METHOD_MATCH = YES;
				CODE_SIGN_IDENTITY = "iPhone Developer";
				COPY_PHASE_STRIP = NO;
				DEBUG_INFORMATION_FORMAT = "dwarf-with-dsym";
				ENABLE_NS_ASSERTIONS = NO;
				ENABLE_STRICT_OBJC_MSGSEND = YES;
				GCC_C_LANGUAGE_STANDARD = gnu11;
				GCC_NO_COMMON_BLOCKS = YES;
				GCC_WARN_64_TO_32_BIT_CONVERSION = YES;
				GCC_WARN_ABOUT_RETURN_TYPE = YES_ERROR;
				GCC_WARN_UNDECLARED_SELECTOR = YES;
				GCC_WARN_UNINITIALIZED_AUTOS = YES_AGGRESSIVE;
				GCC_WARN_UNUSED_FUNCTION = YES;
				GCC_WARN_UNUSED_VARIABLE = YES;
				IPHONEOS_DEPLOYMENT_TARGET = 11.3;
				MTL_ENABLE_DEBUG_INFO = NO;
				SDKROOT = iphoneos;
				VALIDATE_PRODUCT = YES;
			};
			name = Release;
		};
		60DC90A7209AA1DA00ACCCB9 /* Debug */ = {
			isa = XCBuildConfiguration;
			baseConfigurationReference = CB820BCA8347FD8A5966C54C /* Pods-TTTTttttt.debug.xcconfig */;
			buildSettings = {
				ASSETCATALOG_COMPILER_APPICON_NAME = AppIcon;
				CODE_SIGN_ENTITLEMENTS = TTTTttttt/TTTTttttt.entitlements;
				CODE_SIGN_IDENTITY = "iPhone Developer";
				CODE_SIGN_STYLE = Automatic;
				DEVELOPMENT_TEAM = J3Q3X3YYZ2;
				INFOPLIST_FILE = TTTTttttt/Info.plist;
				LD_RUNPATH_SEARCH_PATHS = (
					"$(inherited)",
					"@executable_path/Frameworks",
				);
				PRODUCT_BUNDLE_IDENTIFIER = com.oahgnehzoul.tpy;
				PRODUCT_NAME = "$(TARGET_NAME)";
				PROVISIONING_PROFILE = "";
				PROVISIONING_PROFILE_SPECIFIER = "";
				TARGETED_DEVICE_FAMILY = "1,2";
			};
			name = Debug;
		};
		60DC90A8209AA1DA00ACCCB9 /* Release */ = {
			isa = XCBuildConfiguration;
			baseConfigurationReference = 724312EB3F8D83993D057D61 /* Pods-TTTTttttt.release.xcconfig */;
			buildSettings = {
				ASSETCATALOG_COMPILER_APPICON_NAME = AppIcon;
				CODE_SIGN_ENTITLEMENTS = TTTTttttt/TTTTttttt.entitlements;
				CODE_SIGN_IDENTITY = "iPhone Developer";
				CODE_SIGN_STYLE = Automatic;
				DEVELOPMENT_TEAM = J3Q3X3YYZ2;
				INFOPLIST_FILE = TTTTttttt/Info.plist;
				LD_RUNPATH_SEARCH_PATHS = (
					"$(inherited)",
					"@executable_path/Frameworks",
				);
				PRODUCT_BUNDLE_IDENTIFIER = com.oahgnehzoul.tpy;
				PRODUCT_NAME = "$(TARGET_NAME)";
				PROVISIONING_PROFILE_SPECIFIER = "";
				TARGETED_DEVICE_FAMILY = "1,2";
			};
			name = Release;
		};
/* End XCBuildConfiguration section */

/* Begin XCConfigurationList section */
		60DC908B209AA1D800ACCCB9 /* Build configuration list for PBXProject "TTTTttttt" */ = {
			isa = XCConfigurationList;
			buildConfigurations = (
				60DC90A4209AA1DA00ACCCB9 /* Debug */,
				60DC90A5209AA1DA00ACCCB9 /* Release */,
			);
			defaultConfigurationIsVisible = 0;
			defaultConfigurationName = Release;
		};
		60DC90A6209AA1DA00ACCCB9 /* Build configuration list for PBXNativeTarget "TTTTttttt" */ = {
			isa = XCConfigurationList;
			buildConfigurations = (
				60DC90A7209AA1DA00ACCCB9 /* Debug */,
				60DC90A8209AA1DA00ACCCB9 /* Release */,
			);
			defaultConfigurationIsVisible = 0;
			defaultConfigurationName = Release;
		};
/* End XCConfigurationList section */
	};
	rootObject = 60DC9088209AA1D800ACCCB9 /* Project object */;
}
